{
  "name": "Comps",
  "lockfileVersion": 2,
  "requires": true,
  "packages": {
    "": {
      "dependencies": {
        "genshin-db": "^4.2.3"
      }
    },
    "node_modules/fuzzysort": {
      "version": "1.9.0",
      "resolved": "https://registry.npmjs.org/fuzzysort/-/fuzzysort-1.9.0.tgz",
      "integrity": "sha512-MOxCT0qLTwLqmEwc7UtU045RKef7mc8Qz8eR4r2bLNEq9dy/c3ZKMEFp6IEst69otkQdFZ4FfgH2dmZD+ddX1g=="
    },
    "node_modules/genshin-db": {
      "version": "4.2.3",
      "resolved": "https://registry.npmjs.org/genshin-db/-/genshin-db-4.2.3.tgz",
      "integrity": "sha512-Q0xEcWIeBQ1v6LCHB1HaE38Gvi0Iq4lV1i7GACoJQ4x5TvaJfCeAU+F56Vhl0R/wInoSZaWOpCY2MCB4e10LSQ==",
      "dependencies": {
        "fuzzysort": "^1.1.4",
        "pako": "^2.0.4"
      }
    },
    "node_modules/pako": {
      "version": "2.0.4",
      "resolved": "https://registry.npmjs.org/pako/-/pako-2.0.4.tgz",
      "integrity": "sha512-v8tweI900AUkZN6heMU/4Uy4cXRc2AYNRggVmTR+dEncawDJgCdLMximOVA2p4qO57WMynangsfGRb5WD6L1Bg=="
    }
  },
  "dependencies": {
    "fuzzysort": {
      "version": "1.9.0",
      "resolved": "https://registry.npmjs.org/fuzzysort/-/fuzzysort-1.9.0.tgz",
      "integrity": "sha512-MOxCT0qLTwLqmEwc7UtU045RKef7mc8Qz8eR4r2bLNEq9dy/c3ZKMEFp6IEst69otkQdFZ4FfgH2dmZD+ddX1g=="
    },
    "genshin-db": {
      "version": "4.2.3",
      "resolved": "https://registry.npmjs.org/genshin-db/-/genshin-db-4.2.3.tgz",
      "integrity": "sha512-Q0xEcWIeBQ1v6LCHB1HaE38Gvi0Iq4lV1i7GACoJQ4x5TvaJfCeAU+F56Vhl0R/wInoSZaWOpCY2MCB4e10LSQ==",
      "requires": {
        "fuzzysort": "^1.1.4",
        "pako": "^2.0.4"
      }
    },
    "pako": {
      "version": "2.0.4",
      "resolved": "https://registry.npmjs.org/pako/-/pako-2.0.4.tgz",
      "integrity": "sha512-v8tweI900AUkZN6heMU/4Uy4cXRc2AYNRggVmTR+dEncawDJgCdLMximOVA2p4qO57WMynangsfGRb5WD6L1Bg=="
    }
  }
}
